
Microsoft Visual Studio Solution File, Format Version 12.00
# Visual Studio 15
VisualStudioVersion = 15.0.27004.2010
MinimumVisualStudioVersion = 10.0.40219.1
Project("{8BC9CEB8-8B4A-11D0-8D11-00A0C91BC942}") = "Day1-Captcha2", "Day1-Captcha2\Day1-Captcha2.vcxproj", "{844925F5-88E6-4C3D-A906-C391201AEDA5}"
EndProject
Global
	GlobalSection(SolutionConfigurationPlatforms) = preSolution
		Debug|x64 = Debug|x64
		Debug|x86 = Debug|x86
		Release|x64 = Release|x64
		Release|x86 = Release|x86
	EndGlobalSection
	GlobalSection(ProjectConfigurationPlatforms) = postSolution
		{844925F5-88E6-4C3D-A906-C391201AEDA5}.Debug|x64.ActiveCfg = Debug|x64
		{844925F5-88E6-4C3D-A906-C391201AEDA5}.Debug|x64.Build.0 = Debug|x64
		{844925F5-88E6-4C3D-A906-C391201AEDA5}.Debug|x86.ActiveCfg = Debug|Win32
		{844925F5-88E6-4C3D-A906-C391201AEDA5}.Debug|x86.Build.0 = Debug|Win32
		{844925F5-88E6-4C3D-A906-C391201AEDA5}.Release|x64.ActiveCfg = Release|x64
		{844925F5-88E6-4C3D-A906-C391201AEDA5}.Release|x64.Build.0 = Release|x64
		{844925F5-88E6-4C3D-A906-C391201AEDA5}.Release|x86.ActiveCfg = Release|Win32
		{844925F5-88E6-4C3D-A906-C391201AEDA5}.Release|x86.Build.0 = Release|Win32
	EndGlobalSection
	GlobalSection(SolutionProperties) = preSolution
		HideSolutionNode = FALSE
	EndGlobalSection
	GlobalSection(ExtensibilityGlobals) = postSolution
		SolutionGuid = {C19F7EEA-3904-499C-BAD2-1FB6F9C16AEA}
	EndGlobalSection
EndGlobal
